
Microsoft Visual Studio Solution File, Format Version 12.00
Project("{FAE04EC0-301F-11D3-BF4B-00C04F79EFBC}") = "Automation.Api", "src\Automation.Api\Automation.Api.csproj", "{FFCD3477-C395-4107-BD6D-5636DAF637B0}"
EndProject
Project("{2150E333-8FDC-42A3-9474-1A3956D46DE8}") = "src", "src", "{827E0CD3-B72D-47B6-A68D-7590B98EB39B}"
EndProject
Project("{2150E333-8FDC-42A3-9474-1A3956D46DE8}") = "Modules", "Modules", "{EC447DCF-ABFA-6E24-52A5-D7FD48A5C558}"
EndProject
Project("{2150E333-8FDC-42A3-9474-1A3956D46DE8}") = "System", "System", "{F271B457-98F3-2FE1-5FD9-17608875B678}"
EndProject
Project("{FAE04EC0-301F-11D3-BF4B-00C04F79EFBC}") = "Automation.System", "src\Modules\System\Automation.System\Automation.System.csproj", "{04FF3B72-5401-4F56-A006-2C8ABCD6B3EF}"
EndProject
Project("{2150E333-8FDC-42A3-9474-1A3956D46DE8}") = "Identity", "Identity", "{0EC62A1A-9858-3A60-8A0C-FC9AACFA2EC7}"
EndProject
Project("{FAE04EC0-301F-11D3-BF4B-00C04F79EFBC}") = "Automation.Identity", "src\Modules\Identity\Automation.Identity\Automation.Identity.csproj", "{5A4F52BA-6099-446D-97AF-26E367006171}"
EndProject
Project("{2150E333-8FDC-42A3-9474-1A3956D46DE8}") = "Files", "Files", "{5E5414C4-745C-10B3-C49B-D38F53A77034}"
EndProject
Project("{FAE04EC0-301F-11D3-BF4B-00C04F79EFBC}") = "Automation.Files.Contracts", "src\Modules\Files\Automation.Files.Contracts\Automation.Files.Contracts.csproj", "{3E051D39-34FC-4A31-927A-AD65B36969AC}"
EndProject
Project("{2150E333-8FDC-42A3-9474-1A3956D46DE8}") = "SharedKernel", "SharedKernel", "{85F909CB-8F14-ECC8-BA9D-713D1771907F}"
EndProject
Project("{FAE04EC0-301F-11D3-BF4B-00C04F79EFBC}") = "Automation.SharedKernel", "src\SharedKernel\Automation.SharedKernel\Automation.SharedKernel.csproj", "{CB6B29EA-73BD-4746-91DA-2C509CC15623}"
EndProject
Project("{2150E333-8FDC-42A3-9474-1A3956D46DE8}") = "Notifications", "Notifications", "{DE9DAF8A-E684-0FD3-FFDC-40D3E3158533}"
EndProject
Project("{FAE04EC0-301F-11D3-BF4B-00C04F79EFBC}") = "Automation.Notifications.Contracts", "src\Modules\Notifications\Automation.Notifications.Contracts\Automation.Notifications.Contracts.csproj", "{6D3AAD63-6CCD-4F5A-BD42-104AD7FABC5E}"
EndProject
Project("{FAE04EC0-301F-11D3-BF4B-00C04F79EFBC}") = "Automation.System.Contracts", "src\Modules\System\Automation.System.Contracts\Automation.System.Contracts.csproj", "{FCB9FF62-02B4-4A74-981C-947F4706B4E4}"
EndProject
Project("{2150E333-8FDC-42A3-9474-1A3956D46DE8}") = "DynamicForms", "DynamicForms", "{0A1E355E-8DE1-55AE-0C5D-3DFF356D87F7}"
EndProject
Project("{FAE04EC0-301F-11D3-BF4B-00C04F79EFBC}") = "Automation.DynamicForms.Contracts", "src\Modules\DynamicForms\Automation.DynamicForms.Contracts\Automation.DynamicForms.Contracts.csproj", "{D606FE58-4330-4446-A6D6-DC4F76E7E145}"
EndProject
Global
	GlobalSection(SolutionConfigurationPlatforms) = preSolution
		Debug|Any CPU = Debug|Any CPU
		Debug|x64 = Debug|x64
		Debug|x86 = Debug|x86
		Release|Any CPU = Release|Any CPU
		Release|x64 = Release|x64
		Release|x86 = Release|x86
	EndGlobalSection
	GlobalSection(ProjectConfigurationPlatforms) = postSolution
		{FFCD3477-C395-4107-BD6D-5636DAF637B0}.Debug|Any CPU.ActiveCfg = Debug|Any CPU
		{FFCD3477-C395-4107-BD6D-5636DAF637B0}.Debug|Any CPU.Build.0 = Debug|Any CPU
		{FFCD3477-C395-4107-BD6D-5636DAF637B0}.Debug|x64.ActiveCfg = Debug|Any CPU
		{FFCD3477-C395-4107-BD6D-5636DAF637B0}.Debug|x64.Build.0 = Debug|Any CPU
		{FFCD3477-C395-4107-BD6D-5636DAF637B0}.Debug|x86.ActiveCfg = Debug|Any CPU
		{FFCD3477-C395-4107-BD6D-5636DAF637B0}.Debug|x86.Build.0 = Debug|Any CPU
		{FFCD3477-C395-4107-BD6D-5636DAF637B0}.Release|Any CPU.ActiveCfg = Release|Any CPU
		{FFCD3477-C395-4107-BD6D-5636DAF637B0}.Release|Any CPU.Build.0 = Release|Any CPU
		{FFCD3477-C395-4107-BD6D-5636DAF637B0}.Release|x64.ActiveCfg = Release|Any CPU
		{FFCD3477-C395-4107-BD6D-5636DAF637B0}.Release|x64.Build.0 = Release|Any CPU
		{FFCD3477-C395-4107-BD6D-5636DAF637B0}.Release|x86.ActiveCfg = Release|Any CPU
		{FFCD3477-C395-4107-BD6D-5636DAF637B0}.Release|x86.Build.0 = Release|Any CPU
		{04FF3B72-5401-4F56-A006-2C8ABCD6B3EF}.Debug|Any CPU.ActiveCfg = Debug|Any CPU
		{04FF3B72-5401-4F56-A006-2C8ABCD6B3EF}.Debug|Any CPU.Build.0 = Debug|Any CPU
		{04FF3B72-5401-4F56-A006-2C8ABCD6B3EF}.Debug|x64.ActiveCfg = Debug|Any CPU
		{04FF3B72-5401-4F56-A006-2C8ABCD6B3EF}.Debug|x64.Build.0 = Debug|Any CPU
		{04FF3B72-5401-4F56-A006-2C8ABCD6B3EF}.Debug|x86.ActiveCfg = Debug|Any CPU
		{04FF3B72-5401-4F56-A006-2C8ABCD6B3EF}.Debug|x86.Build.0 = Debug|Any CPU
		{04FF3B72-5401-4F56-A006-2C8ABCD6B3EF}.Release|Any CPU.ActiveCfg = Release|Any CPU
		{04FF3B72-5401-4F56-A006-2C8ABCD6B3EF}.Release|Any CPU.Build.0 = Release|Any CPU
		{04FF3B72-5401-4F56-A006-2C8ABCD6B3EF}.Release|x64.ActiveCfg = Release|Any CPU
		{04FF3B72-5401-4F56-A006-2C8ABCD6B3EF}.Release|x64.Build.0 = Release|Any CPU
		{04FF3B72-5401-4F56-A006-2C8ABCD6B3EF}.Release|x86.ActiveCfg = Release|Any CPU
		{04FF3B72-5401-4F56-A006-2C8ABCD6B3EF}.Release|x86.Build.0 = Release|Any CPU
		{5A4F52BA-6099-446D-97AF-26E367006171}.Debug|Any CPU.ActiveCfg = Debug|Any CPU
		{5A4F52BA-6099-446D-97AF-26E367006171}.Debug|Any CPU.Build.0 = Debug|Any CPU
		{5A4F52BA-6099-446D-97AF-26E367006171}.Debug|x64.ActiveCfg = Debug|Any CPU
		{5A4F52BA-6099-446D-97AF-26E367006171}.Debug|x64.Build.0 = Debug|Any CPU
		{5A4F52BA-6099-446D-97AF-26E367006171}.Debug|x86.ActiveCfg = Debug|Any CPU
		{5A4F52BA-6099-446D-97AF-26E367006171}.Debug|x86.Build.0 = Debug|Any CPU
		{5A4F52BA-6099-446D-97AF-26E367006171}.Release|Any CPU.ActiveCfg = Release|Any CPU
		{5A4F52BA-6099-446D-97AF-26E367006171}.Release|Any CPU.Build.0 = Release|Any CPU
		{5A4F52BA-6099-446D-97AF-26E367006171}.Release|x64.ActiveCfg = Release|Any CPU
		{5A4F52BA-6099-446D-97AF-26E367006171}.Release|x64.Build.0 = Release|Any CPU
		{5A4F52BA-6099-446D-97AF-26E367006171}.Release|x86.ActiveCfg = Release|Any CPU
		{5A4F52BA-6099-446D-97AF-26E367006171}.Release|x86.Build.0 = Release|Any CPU
		{3E051D39-34FC-4A31-927A-AD65B36969AC}.Debug|Any CPU.ActiveCfg = Debug|Any CPU
		{3E051D39-34FC-4A31-927A-AD65B36969AC}.Debug|Any CPU.Build.0 = Debug|Any CPU
		{3E051D39-34FC-4A31-927A-AD65B36969AC}.Debug|x64.ActiveCfg = Debug|Any CPU
		{3E051D39-34FC-4A31-927A-AD65B36969AC}.Debug|x64.Build.0 = Debug|Any CPU
		{3E051D39-34FC-4A31-927A-AD65B36969AC}.Debug|x86.ActiveCfg = Debug|Any CPU
		{3E051D39-34FC-4A31-927A-AD65B36969AC}.Debug|x86.Build.0 = Debug|Any CPU
		{3E051D39-34FC-4A31-927A-AD65B36969AC}.Release|Any CPU.ActiveCfg = Release|Any CPU
		{3E051D39-34FC-4A31-927A-AD65B36969AC}.Release|Any CPU.Build.0 = Release|Any CPU
		{3E051D39-34FC-4A31-927A-AD65B36969AC}.Release|x64.ActiveCfg = Release|Any CPU
		{3E051D39-34FC-4A31-927A-AD65B36969AC}.Release|x64.Build.0 = Release|Any CPU
		{3E051D39-34FC-4A31-927A-AD65B36969AC}.Release|x86.ActiveCfg = Release|Any CPU
		{3E051D39-34FC-4A31-927A-AD65B36969AC}.Release|x86.Build.0 = Release|Any CPU
		{CB6B29EA-73BD-4746-91DA-2C509CC15623}.Debug|Any CPU.ActiveCfg = Debug|Any CPU
		{CB6B29EA-73BD-4746-91DA-2C509CC15623}.Debug|Any CPU.Build.0 = Debug|Any CPU
		{CB6B29EA-73BD-4746-91DA-2C509CC15623}.Debug|x64.ActiveCfg = Debug|Any CPU
		{CB6B29EA-73BD-4746-91DA-2C509CC15623}.Debug|x64.Build.0 = Debug|Any CPU
		{CB6B29EA-73BD-4746-91DA-2C509CC15623}.Debug|x86.ActiveCfg = Debug|Any CPU
		{CB6B29EA-73BD-4746-91DA-2C509CC15623}.Debug|x86.Build.0 = Debug|Any CPU
		{CB6B29EA-73BD-4746-91DA-2C509CC15623}.Release|Any CPU.ActiveCfg = Release|Any CPU
		{CB6B29EA-73BD-4746-91DA-2C509CC15623}.Release|Any CPU.Build.0 = Release|Any CPU
		{CB6B29EA-73BD-4746-91DA-2C509CC15623}.Release|x64.ActiveCfg = Release|Any CPU
		{CB6B29EA-73BD-4746-91DA-2C509CC15623}.Release|x64.Build.0 = Release|Any CPU
		{CB6B29EA-73BD-4746-91DA-2C509CC15623}.Release|x86.ActiveCfg = Release|Any CPU
		{CB6B29EA-73BD-4746-91DA-2C509CC15623}.Release|x86.Build.0 = Release|Any CPU
		{6D3AAD63-6CCD-4F5A-BD42-104AD7FABC5E}.Debug|Any CPU.ActiveCfg = Debug|Any CPU
		{6D3AAD63-6CCD-4F5A-BD42-104AD7FABC5E}.Debug|Any CPU.Build.0 = Debug|Any CPU
		{6D3AAD63-6CCD-4F5A-BD42-104AD7FABC5E}.Debug|x64.ActiveCfg = Debug|Any CPU
		{6D3AAD63-6CCD-4F5A-BD42-104AD7FABC5E}.Debug|x64.Build.0 = Debug|Any CPU
		{6D3AAD63-6CCD-4F5A-BD42-104AD7FABC5E}.Debug|x86.ActiveCfg = Debug|Any CPU
		{6D3AAD63-6CCD-4F5A-BD42-104AD7FABC5E}.Debug|x86.Build.0 = Debug|Any CPU
		{6D3AAD63-6CCD-4F5A-BD42-104AD7FABC5E}.Release|Any CPU.ActiveCfg = Release|Any CPU
		{6D3AAD63-6CCD-4F5A-BD42-104AD7FABC5E}.Release|Any CPU.Build.0 = Release|Any CPU
		{6D3AAD63-6CCD-4F5A-BD42-104AD7FABC5E}.Release|x64.ActiveCfg = Release|Any CPU
		{6D3AAD63-6CCD-4F5A-BD42-104AD7FABC5E}.Release|x64.Build.0 = Release|Any CPU
		{6D3AAD63-6CCD-4F5A-BD42-104AD7FABC5E}.Release|x86.ActiveCfg = Release|Any CPU
		{6D3AAD63-6CCD-4F5A-BD42-104AD7FABC5E}.Release|x86.Build.0 = Release|Any CPU
		{FCB9FF62-02B4-4A74-981C-947F4706B4E4}.Debug|Any CPU.ActiveCfg = Debug|Any CPU
		{FCB9FF62-02B4-4A74-981C-947F4706B4E4}.Debug|Any CPU.Build.0 = Debug|Any CPU
		{FCB9FF62-02B4-4A74-981C-947F4706B4E4}.Debug|x64.ActiveCfg = Debug|Any CPU
		{FCB9FF62-02B4-4A74-981C-947F4706B4E4}.Debug|x64.Build.0 = Debug|Any CPU
		{FCB9FF62-02B4-4A74-981C-947F4706B4E4}.Debug|x86.ActiveCfg = Debug|Any CPU
		{FCB9FF62-02B4-4A74-981C-947F4706B4E4}.Debug|x86.Build.0 = Debug|Any CPU
		{FCB9FF62-02B4-4A74-981C-947F4706B4E4}.Release|Any CPU.ActiveCfg = Release|Any CPU
		{FCB9FF62-02B4-4A74-981C-947F4706B4E4}.Release|Any CPU.Build.0 = Release|Any CPU
		{FCB9FF62-02B4-4A74-981C-947F4706B4E4}.Release|x64.ActiveCfg = Release|Any CPU
		{FCB9FF62-02B4-4A74-981C-947F4706B4E4}.Release|x64.Build.0 = Release|Any CPU
		{FCB9FF62-02B4-4A74-981C-947F4706B4E4}.Release|x86.ActiveCfg = Release|Any CPU
		{FCB9FF62-02B4-4A74-981C-947F4706B4E4}.Release|x86.Build.0 = Release|Any CPU
		{D606FE58-4330-4446-A6D6-DC4F76E7E145}.Debug|Any CPU.ActiveCfg = Debug|Any CPU
		{D606FE58-4330-4446-A6D6-DC4F76E7E145}.Debug|Any CPU.Build.0 = Debug|Any CPU
		{D606FE58-4330-4446-A6D6-DC4F76E7E145}.Debug|x64.ActiveCfg = Debug|Any CPU
		{D606FE58-4330-4446-A6D6-DC4F76E7E145}.Debug|x64.Build.0 = Debug|Any CPU
		{D606FE58-4330-4446-A6D6-DC4F76E7E145}.Debug|x86.ActiveCfg = Debug|Any CPU
		{D606FE58-4330-4446-A6D6-DC4F76E7E145}.Debug|x86.Build.0 = Debug|Any CPU
		{D606FE58-4330-4446-A6D6-DC4F76E7E145}.Release|Any CPU.ActiveCfg = Release|Any CPU
		{D606FE58-4330-4446-A6D6-DC4F76E7E145}.Release|Any CPU.Build.0 = Release|Any CPU
		{D606FE58-4330-4446-A6D6-DC4F76E7E145}.Release|x64.ActiveCfg = Release|Any CPU
		{D606FE58-4330-4446-A6D6-DC4F76E7E145}.Release|x64.Build.0 = Release|Any CPU
		{D606FE58-4330-4446-A6D6-DC4F76E7E145}.Release|x86.ActiveCfg = Release|Any CPU
		{D606FE58-4330-4446-A6D6-DC4F76E7E145}.Release|x86.Build.0 = Release|Any CPU
	EndGlobalSection
	GlobalSection(SolutionProperties) = preSolution
		HideSolutionNode = FALSE
	EndGlobalSection
	GlobalSection(NestedProjects) = preSolution
		{EC447DCF-ABFA-6E24-52A5-D7FD48A5C558} = {827E0CD3-B72D-47B6-A68D-7590B98EB39B}
		{F271B457-98F3-2FE1-5FD9-17608875B678} = {EC447DCF-ABFA-6E24-52A5-D7FD48A5C558}
		{04FF3B72-5401-4F56-A006-2C8ABCD6B3EF} = {F271B457-98F3-2FE1-5FD9-17608875B678}
		{0EC62A1A-9858-3A60-8A0C-FC9AACFA2EC7} = {EC447DCF-ABFA-6E24-52A5-D7FD48A5C558}
		{5A4F52BA-6099-446D-97AF-26E367006171} = {0EC62A1A-9858-3A60-8A0C-FC9AACFA2EC7}
		{5E5414C4-745C-10B3-C49B-D38F53A77034} = {EC447DCF-ABFA-6E24-52A5-D7FD48A5C558}
		{3E051D39-34FC-4A31-927A-AD65B36969AC} = {5E5414C4-745C-10B3-C49B-D38F53A77034}
		{85F909CB-8F14-ECC8-BA9D-713D1771907F} = {827E0CD3-B72D-47B6-A68D-7590B98EB39B}
		{CB6B29EA-73BD-4746-91DA-2C509CC15623} = {85F909CB-8F14-ECC8-BA9D-713D1771907F}
		{DE9DAF8A-E684-0FD3-FFDC-40D3E3158533} = {EC447DCF-ABFA-6E24-52A5-D7FD48A5C558}
		{6D3AAD63-6CCD-4F5A-BD42-104AD7FABC5E} = {DE9DAF8A-E684-0FD3-FFDC-40D3E3158533}
		{FCB9FF62-02B4-4A74-981C-947F4706B4E4} = {F271B457-98F3-2FE1-5FD9-17608875B678}
		{0A1E355E-8DE1-55AE-0C5D-3DFF356D87F7} = {EC447DCF-ABFA-6E24-52A5-D7FD48A5C558}
		{D606FE58-4330-4446-A6D6-DC4F76E7E145} = {0A1E355E-8DE1-55AE-0C5D-3DFF356D87F7}
	EndGlobalSection
EndGlobal
